
Microsoft Visual Studio Solution File, Format Version 12.00
# Visual Studio Version 16
VisualStudioVersion = 16.0.31402.337
MinimumVisualStudioVersion = 10.0.40219.1
Project("{9A19103F-16F7-4668-BE54-9A1E7A4F7556}") = "SharkTDS", "SharkTDS.csproj", "{516AFDC2-7FAE-4B9D-8A6C-4BB2328CF0FC}"
EndProject
Project("{FAE04EC0-301F-11D3-BF4B-00C04F79EFBC}") = "SharkTDS.TEST", "..\SharkTDS.TEST\SharkTDS.TEST.csproj", "{F1C2ADB1-6E4C-44A3-BCD9-FFFE02438180}"
EndProject
Global
	GlobalSection(SolutionConfigurationPlatforms) = preSolution
		Debug|Any CPU = Debug|Any CPU
		Release|Any CPU = Release|Any CPU
	EndGlobalSection
	GlobalSection(ProjectConfigurationPlatforms) = postSolution
		{516AFDC2-7FAE-4B9D-8A6C-4BB2328CF0FC}.Debug|Any CPU.ActiveCfg = Debug|Any CPU
		{516AFDC2-7FAE-4B9D-8A6C-4BB2328CF0FC}.Debug|Any CPU.Build.0 = Debug|Any CPU
		{516AFDC2-7FAE-4B9D-8A6C-4BB2328CF0FC}.Release|Any CPU.ActiveCfg = Release|Any CPU
		{516AFDC2-7FAE-4B9D-8A6C-4BB2328CF0FC}.Release|Any CPU.Build.0 = Release|Any CPU
		{F1C2ADB1-6E4C-44A3-BCD9-FFFE02438180}.Debug|Any CPU.ActiveCfg = Debug|Any CPU
		{F1C2ADB1-6E4C-44A3-BCD9-FFFE02438180}.Debug|Any CPU.Build.0 = Debug|Any CPU
		{F1C2ADB1-6E4C-44A3-BCD9-FFFE02438180}.Release|Any CPU.ActiveCfg = Release|Any CPU
		{F1C2ADB1-6E4C-44A3-BCD9-FFFE02438180}.Release|Any CPU.Build.0 = Release|Any CPU
	EndGlobalSection
	GlobalSection(SolutionProperties) = preSolution
		HideSolutionNode = FALSE
	EndGlobalSection
	GlobalSection(ExtensibilityGlobals) = postSolution
		SolutionGuid = {074E0785-3CD4-4C30-8899-F486E99CF108}
	EndGlobalSection
EndGlobal
